// !$*UTF8*$!
{
	archiveVersion = 1;
	classes = {
	};
	objectVersion = 56;
	objects = {

/* Begin PBXBuildFile section */
		AC8CFBC32B1BC83E00FAE50C /* AppDelegate.swift in Sources */ = {isa = PBXBuildFile; fileRef = AC8CFBC22B1BC83E00FAE50C /* AppDelegate.swift */; };
		AC8CFBC52B1BC83E00FAE50C /* SceneDelegate.swift in Sources */ = {isa = PBXBuildFile; fileRef = AC8CFBC42B1BC83E00FAE50C /* SceneDelegate.swift */; };
		AC8CFBC72B1BC83E00FAE50C /* ViewController.swift in Sources */ = {isa = PBXBuildFile; fileRef = AC8CFBC62B1BC83E00FAE50C /* ViewController.swift */; };
		AC8CFBCC2B1BC83F00FAE50C /* Assets.xcassets in Resources */ = {isa = PBXBuildFile; fileRef = AC8CFBCB2B1BC83F00FAE50C /* Assets.xcassets */; };
		AC8CFBCF2B1BC83F00FAE50C /* LaunchScreen.storyboard in Resources */ = {isa = PBXBuildFile; fileRef = AC8CFBCD2B1BC83F00FAE50C /* LaunchScreen.storyboard */; };
		AC8CFBDE2B1BCD1000FAE50C /* RMLocation.swift in Sources */ = {isa = PBXBuildFile; fileRef = AC8CFBDD2B1BCD1000FAE50C /* RMLocation.swift */; };
		AC8CFBE02B1BCD3900FAE50C /* RMCharacter.swift in Sources */ = {isa = PBXBuildFile; fileRef = AC8CFBDF2B1BCD3900FAE50C /* RMCharacter.swift */; };
		AC8CFBE22B1BCD4E00FAE50C /* RMEpisode.swift in Sources */ = {isa = PBXBuildFile; fileRef = AC8CFBE12B1BCD4E00FAE50C /* RMEpisode.swift */; };
/* End PBXBuildFile section */

/* Begin PBXFileReference section */
		AC8CFBBF2B1BC83E00FAE50C /* RickAndMorty.app */ = {isa = PBXFileReference; explicitFileType = wrapper.application; includeInIndex = 0; path = RickAndMorty.app; sourceTree = BUILT_PRODUCTS_DIR; };
		AC8CFBC22B1BC83E00FAE50C /* AppDelegate.swift */ = {isa = PBXFileReference; lastKnownFileType = sourcecode.swift; path = AppDelegate.swift; sourceTree = "<group>"; };
		AC8CFBC42B1BC83E00FAE50C /* SceneDelegate.swift */ = {isa = PBXFileReference; lastKnownFileType = sourcecode.swift; path = SceneDelegate.swift; sourceTree = "<group>"; };
		AC8CFBC62B1BC83E00FAE50C /* ViewController.swift */ = {isa = PBXFileReference; lastKnownFileType = sourcecode.swift; path = ViewController.swift; sourceTree = "<group>"; };
		AC8CFBCB2B1BC83F00FAE50C /* Assets.xcassets */ = {isa = PBXFileReference; lastKnownFileType = folder.assetcatalog; path = Assets.xcassets; sourceTree = "<group>"; };
		AC8CFBCE2B1BC83F00FAE50C /* Base */ = {isa = PBXFileReference; lastKnownFileType = file.storyboard; name = Base; path = Base.lproj/LaunchScreen.storyboard; sourceTree = "<group>"; };
		AC8CFBD02B1BC83F00FAE50C /* Info.plist */ = {isa = PBXFileReference; lastKnownFileType = text.plist.xml; path = Info.plist; sourceTree = "<group>"; };
		AC8CFBDD2B1BCD1000FAE50C /* RMLocation.swift */ = {isa = PBXFileReference; lastKnownFileType = sourcecode.swift; path = RMLocation.swift; sourceTree = "<group>"; };
		AC8CFBDF2B1BCD3900FAE50C /* RMCharacter.swift */ = {isa = PBXFileReference; lastKnownFileType = sourcecode.swift; path = RMCharacter.swift; sourceTree = "<group>"; };
		AC8CFBE12B1BCD4E00FAE50C /* RMEpisode.swift */ = {isa = PBXFileReference; lastKnownFileType = sourcecode.swift; path = RMEpisode.swift; sourceTree = "<group>"; };
/* End PBXFileReference section */

/* Begin PBXFrameworksBuildPhase section */
		AC8CFBBC2B1BC83E00FAE50C /* Frameworks */ = {
			isa = PBXFrameworksBuildPhase;
			buildActionMask = 2147483647;
			files = (
			);
			runOnlyForDeploymentPostprocessing = 0;
		};
/* End PBXFrameworksBuildPhase section */

/* Begin PBXGroup section */
		AC8CFBB62B1BC83E00FAE50C = {
			isa = PBXGroup;
			children = (
				AC8CFBC12B1BC83E00FAE50C /* RickAndMorty */,
				AC8CFBC02B1BC83E00FAE50C /* Products */,
			);
			sourceTree = "<group>";
		};
		AC8CFBC02B1BC83E00FAE50C /* Products */ = {
			isa = PBXGroup;
			children = (
				AC8CFBBF2B1BC83E00FAE50C /* RickAndMorty.app */,
			);
			name = Products;
			sourceTree = "<group>";
		};
		AC8CFBC12B1BC83E00FAE50C /* RickAndMorty */ = {
			isa = PBXGroup;
			children = (
				AC8CFBDC2B1BCBC800FAE50C /* Resources */,
				AC8CFBDB2B1BCBA300FAE50C /* APIClients */,
				AC8CFBDA2B1BCB8C00FAE50C /* Managers */,
				AC8CFBD92B1BCB5100FAE50C /* ViewModels */,
				AC8CFBD82B1BCB4200FAE50C /* Views */,
				AC8CFBD72B1BCB3800FAE50C /* Models */,
				AC8CFBD62B1BCB2A00FAE50C /* Controllers */,
				AC8CFBD02B1BC83F00FAE50C /* Info.plist */,
			);
			path = RickAndMorty;
			sourceTree = "<group>";
		};
		AC8CFBD62B1BCB2A00FAE50C /* Controllers */ = {
			isa = PBXGroup;
			children = (
				AC8CFBC62B1BC83E00FAE50C /* ViewController.swift */,
			);
			path = Controllers;
			sourceTree = "<group>";
		};
		AC8CFBD72B1BCB3800FAE50C /* Models */ = {
			isa = PBXGroup;
			children = (
				AC8CFBDD2B1BCD1000FAE50C /* RMLocation.swift */,
				AC8CFBDF2B1BCD3900FAE50C /* RMCharacter.swift */,
				AC8CFBE12B1BCD4E00FAE50C /* RMEpisode.swift */,
			);
			path = Models;
			sourceTree = "<group>";
		};
		AC8CFBD82B1BCB4200FAE50C /* Views */ = {
			isa = PBXGroup;
			children = (
			);
			path = Views;
			sourceTree = "<group>";
		};
		AC8CFBD92B1BCB5100FAE50C /* ViewModels */ = {
			isa = PBXGroup;
			children = (
			);
			path = ViewModels;
			sourceTree = "<group>";
		};
		AC8CFBDA2B1BCB8C00FAE50C /* Managers */ = {
			isa = PBXGroup;
			children = (
			);
			path = Managers;
			sourceTree = "<group>";
		};
		AC8CFBDB2B1BCBA300FAE50C /* APIClients */ = {
			isa = PBXGroup;
			children = (
			);
			path = APIClients;
			sourceTree = "<group>";
		};
		AC8CFBDC2B1BCBC800FAE50C /* Resources */ = {
			isa = PBXGroup;
			children = (
				AC8CFBC22B1BC83E00FAE50C /* AppDelegate.swift */,
				AC8CFBC42B1BC83E00FAE50C /* SceneDelegate.swift */,
				AC8CFBCB2B1BC83F00FAE50C /* Assets.xcassets */,
				AC8CFBCD2B1BC83F00FAE50C /* LaunchScreen.storyboard */,
			);
			path = Resources;
			sourceTree = "<group>";
		};
/* End PBXGroup section */

/* Begin PBXNativeTarget section */
		AC8CFBBE2B1BC83E00FAE50C /* RickAndMorty */ = {
			isa = PBXNativeTarget;
			buildConfigurationList = AC8CFBD32B1BC83F00FAE50C /* Build configuration list for PBXNativeTarget "RickAndMorty" */;
			buildPhases = (
				AC8CFBBB2B1BC83E00FAE50C /* Sources */,
				AC8CFBBC2B1BC83E00FAE50C /* Frameworks */,
				AC8CFBBD2B1BC83E00FAE50C /* Resources */,
			);
			buildRules = (
			);
			dependencies = (
			);
			name = RickAndMorty;
			productName = RickAndMorty;
			productReference = AC8CFBBF2B1BC83E00FAE50C /* RickAndMorty.app */;
			productType = "com.apple.product-type.application";
		};
/* End PBXNativeTarget section */

/* Begin PBXProject section */
		AC8CFBB72B1BC83E00FAE50C /* Project object */ = {
			isa = PBXProject;
			attributes = {
				BuildIndependentTargetsInParallel = 1;
				LastSwiftUpdateCheck = 1500;
				LastUpgradeCheck = 1500;
				TargetAttributes = {
					AC8CFBBE2B1BC83E00FAE50C = {
						CreatedOnToolsVersion = 15.0.1;
					};
				};
			};
			buildConfigurationList = AC8CFBBA2B1BC83E00FAE50C /* Build configuration list for PBXProject "RickAndMorty" */;
			compatibilityVersion = "Xcode 14.0";
			developmentRegion = en;
			hasScannedForEncodings = 0;
			knownRegions = (
				en,
				Base,
			);
			mainGroup = AC8CFBB62B1BC83E00FAE50C;
			productRefGroup = AC8CFBC02B1BC83E00FAE50C /* Products */;
			projectDirPath = "";
			projectRoot = "";
			targets = (
				AC8CFBBE2B1BC83E00FAE50C /* RickAndMorty */,
			);
		};
/* End PBXProject section */

/* Begin PBXResourcesBuildPhase section */
		AC8CFBBD2B1BC83E00FAE50C /* Resources */ = {
			isa = PBXResourcesBuildPhase;
			buildActionMask = 2147483647;
			files = (
				AC8CFBCF2B1BC83F00FAE50C /* LaunchScreen.storyboard in Resources */,
				AC8CFBCC2B1BC83F00FAE50C /* Assets.xcassets in Resources */,
			);
			runOnlyForDeploymentPostprocessing = 0;
		};
/* End PBXResourcesBuildPhase section */

/* Begin PBXSourcesBuildPhase section */
		AC8CFBBB2B1BC83E00FAE50C /* Sources */ = {
			isa = PBXSourcesBuildPhase;
			buildActionMask = 2147483647;
			files = (
				AC8CFBE22B1BCD4E00FAE50C /* RMEpisode.swift in Sources */,
				AC8CFBC72B1BC83E00FAE50C /* ViewController.swift in Sources */,
				AC8CFBC32B1BC83E00FAE50C /* AppDelegate.swift in Sources */,
				AC8CFBC52B1BC83E00FAE50C /* SceneDelegate.swift in Sources */,
				AC8CFBDE2B1BCD1000FAE50C /* RMLocation.swift in Sources */,
				AC8CFBE02B1BCD3900FAE50C /* RMCharacter.swift in Sources */,
			);
			runOnlyForDeploymentPostprocessing = 0;
		};
/* End PBXSourcesBuildPhase section */

/* Begin PBXVariantGroup section */
		AC8CFBCD2B1BC83F00FAE50C /* LaunchScreen.storyboard */ = {
			isa = PBXVariantGroup;
			children = (
				AC8CFBCE2B1BC83F00FAE50C /* Base */,
			);
			name = LaunchScreen.storyboard;
			sourceTree = "<group>";
		};
/* End PBXVariantGroup section */

/* Begin XCBuildConfiguration section */
		AC8CFBD12B1BC83F00FAE50C /* Debug */ = {
			isa = XCBuildConfiguration;
			buildSettings = {
				ALWAYS_SEARCH_USER_PATHS = NO;
				ASSETCATALOG_COMPILER_GENERATE_SWIFT_ASSET_SYMBOL_EXTENSIONS = YES;
				CLANG_ANALYZER_NONNULL = YES;
				CLANG_ANALYZER_NUMBER_OBJECT_CONVERSION = YES_AGGRESSIVE;
				CLANG_CXX_LANGUAGE_STANDARD = "gnu++20";
				CLANG_ENABLE_MODULES = YES;
				CLANG_ENABLE_OBJC_ARC = YES;
				CLANG_ENABLE_OBJC_WEAK = YES;
				CLANG_WARN_BLOCK_CAPTURE_AUTORELEASING = YES;
				CLANG_WARN_BOOL_CONVERSION = YES;
				CLANG_WARN_COMMA = YES;
				CLANG_WARN_CONSTANT_CONVERSION = YES;
				CLANG_WARN_DEPRECATED_OBJC_IMPLEMENTATIONS = YES;
				CLANG_WARN_DIRECT_OBJC_ISA_USAGE = YES_ERROR;
				CLANG_WARN_DOCUMENTATION_COMMENTS = YES;
				CLANG_WARN_EMPTY_BODY = YES;
				CLANG_WARN_ENUM_CONVERSION = YES;
				CLANG_WARN_INFINITE_RECURSION = YES;
				CLANG_WARN_INT_CONVERSION = YES;
				CLANG_WARN_NON_LITERAL_NULL_CONVERSION = YES;
				CLANG_WARN_OBJC_IMPLICIT_RETAIN_SELF = YES;
				CLANG_WARN_OBJC_LITERAL_CONVERSION = YES;
				CLANG_WARN_OBJC_ROOT_CLASS = YES_ERROR;
				CLANG_WARN_QUOTED_INCLUDE_IN_FRAMEWORK_HEADER = YES;
				CLANG_WARN_RANGE_LOOP_ANALYSIS = YES;
				CLANG_WARN_STRICT_PROTOTYPES = YES;
				CLANG_WARN_SUSPICIOUS_MOVE = YES;
				CLANG_WARN_UNGUARDED_AVAILABILITY = YES_AGGRESSIVE;
				CLANG_WARN_UNREACHABLE_CODE = YES;
				CLANG_WARN__DUPLICATE_METHOD_MATCH = YES;
				COPY_PHASE_STRIP = NO;
				DEBUG_INFORMATION_FORMAT = dwarf;
				ENABLE_STRICT_OBJC_MSGSEND = YES;
				ENABLE_TESTABILITY = YES;
				ENABLE_USER_SCRIPT_SANDBOXING = YES;
				GCC_C_LANGUAGE_STANDARD = gnu17;
				GCC_DYNAMIC_NO_PIC = NO;
				GCC_NO_COMMON_BLOCKS = YES;
				GCC_OPTIMIZATION_LEVEL = 0;
				GCC_PREPROCESSOR_DEFINITIONS = (
					"DEBUG=1",
					"$(inherited)",
				);
				GCC_WARN_64_TO_32_BIT_CONVERSION = YES;
				GCC_WARN_ABOUT_RETURN_TYPE = YES_ERROR;
				GCC_WARN_UNDECLARED_SELECTOR = YES;
				GCC_WARN_UNINITIALIZED_AUTOS = YES_AGGRESSIVE;
				GCC_WARN_UNUSED_FUNCTION = YES;
				GCC_WARN_UNUSED_VARIABLE = YES;
				IPHONEOS_DEPLOYMENT_TARGET = 17.0;
				LOCALIZATION_PREFERS_STRING_CATALOGS = YES;
				MTL_ENABLE_DEBUG_INFO = INCLUDE_SOURCE;
				MTL_FAST_MATH = YES;
				ONLY_ACTIVE_ARCH = YES;
				SDKROOT = iphoneos;
				SWIFT_ACTIVE_COMPILATION_CONDITIONS = "DEBUG $(inherited)";
				SWIFT_OPTIMIZATION_LEVEL = "-Onone";
			};
			name = Debug;
		};
		AC8CFBD22B1BC83F00FAE50C /* Release */ = {
			isa = XCBuildConfiguration;
			buildSettings = {
				ALWAYS_SEARCH_USER_PATHS = NO;
				ASSETCATALOG_COMPILER_GENERATE_SWIFT_ASSET_SYMBOL_EXTENSIONS = YES;
				CLANG_ANALYZER_NONNULL = YES;
				CLANG_ANALYZER_NUMBER_OBJECT_CONVERSION = YES_AGGRESSIVE;
				CLANG_CXX_LANGUAGE_STANDARD = "gnu++20";
				CLANG_ENABLE_MODULES = YES;
				CLANG_ENABLE_OBJC_ARC = YES;
				CLANG_ENABLE_OBJC_WEAK = YES;
				CLANG_WARN_BLOCK_CAPTURE_AUTORELEASING = YES;
				CLANG_WARN_BOOL_CONVERSION = YES;
				CLANG_WARN_COMMA = YES;
				CLANG_WARN_CONSTANT_CONVERSION = YES;
				CLANG_WARN_DEPRECATED_OBJC_IMPLEMENTATIONS = YES;
				CLANG_WARN_DIRECT_OBJC_ISA_USAGE = YES_ERROR;
				CLANG_WARN_DOCUMENTATION_COMMENTS = YES;
				CLANG_WARN_EMPTY_BODY = YES;
				CLANG_WARN_ENUM_CONVERSION = YES;
				CLANG_WARN_INFINITE_RECURSION = YES;
				CLANG_WARN_INT_CONVERSION = YES;
				CLANG_WARN_NON_LITERAL_NULL_CONVERSION = YES;
				CLANG_WARN_OBJC_IMPLICIT_RETAIN_SELF = YES;
				CLANG_WARN_OBJC_LITERAL_CONVERSION = YES;
				CLANG_WARN_OBJC_ROOT_CLASS = YES_ERROR;
				CLANG_WARN_QUOTED_INCLUDE_IN_FRAMEWORK_HEADER = YES;
				CLANG_WARN_RANGE_LOOP_ANALYSIS = YES;
				CLANG_WARN_STRICT_PROTOTYPES = YES;
				CLANG_WARN_SUSPICIOUS_MOVE = YES;
				CLANG_WARN_UNGUARDED_AVAILABILITY = YES_AGGRESSIVE;
				CLANG_WARN_UNREACHABLE_CODE = YES;
				CLANG_WARN__DUPLICATE_METHOD_MATCH = YES;
				COPY_PHASE_STRIP = NO;
				DEBUG_INFORMATION_FORMAT = "dwarf-with-dsym";
				ENABLE_NS_ASSERTIONS = NO;
				ENABLE_STRICT_OBJC_MSGSEND = YES;
				ENABLE_USER_SCRIPT_SANDBOXING = YES;
				GCC_C_LANGUAGE_STANDARD = gnu17;
				GCC_NO_COMMON_BLOCKS = YES;
				GCC_WARN_64_TO_32_BIT_CONVERSION = YES;
				GCC_WARN_ABOUT_RETURN_TYPE = YES_ERROR;
				GCC_WARN_UNDECLARED_SELECTOR = YES;
				GCC_WARN_UNINITIALIZED_AUTOS = YES_AGGRESSIVE;
				GCC_WARN_UNUSED_FUNCTION = YES;
				GCC_WARN_UNUSED_VARIABLE = YES;
				IPHONEOS_DEPLOYMENT_TARGET = 17.0;
				LOCALIZATION_PREFERS_STRING_CATALOGS = YES;
				MTL_ENABLE_DEBUG_INFO = NO;
				MTL_FAST_MATH = YES;
				SDKROOT = iphoneos;
				SWIFT_COMPILATION_MODE = wholemodule;
				VALIDATE_PRODUCT = YES;
			};
			name = Release;
		};
		AC8CFBD42B1BC83F00FAE50C /* Debug */ = {
			isa = XCBuildConfiguration;
			buildSettings = {
				ASSETCATALOG_COMPILER_APPICON_NAME = AppIcon;
				ASSETCATALOG_COMPILER_GLOBAL_ACCENT_COLOR_NAME = AccentColor;
				CODE_SIGN_STYLE = Automatic;
				CURRENT_PROJECT_VERSION = 1;
				DEVELOPMENT_TEAM = A5WFHPQKLR;
				GENERATE_INFOPLIST_FILE = YES;
				INFOPLIST_FILE = RickAndMorty/Info.plist;
				INFOPLIST_KEY_UIApplicationSupportsIndirectInputEvents = YES;
				INFOPLIST_KEY_UILaunchStoryboardName = LaunchScreen;
				INFOPLIST_KEY_UISupportedInterfaceOrientations_iPad = "UIInterfaceOrientationPortrait UIInterfaceOrientationPortraitUpsideDown UIInterfaceOrientationLandscapeLeft UIInterfaceOrientationLandscapeRight";
				INFOPLIST_KEY_UISupportedInterfaceOrientations_iPhone = "UIInterfaceOrientationPortrait UIInterfaceOrientationLandscapeLeft UIInterfaceOrientationLandscapeRight";
				LD_RUNPATH_SEARCH_PATHS = (
					"$(inherited)",
					"@executable_path/Frameworks",
				);
				MARKETING_VERSION = 1.0;
				PRODUCT_BUNDLE_IDENTIFIER = janos.szekely.RickAndMorty;
				PRODUCT_NAME = "$(TARGET_NAME)";
				SWIFT_EMIT_LOC_STRINGS = YES;
				SWIFT_VERSION = 5.0;
				TARGETED_DEVICE_FAMILY = "1,2";
			};
			name = Debug;
		};
		AC8CFBD52B1BC83F00FAE50C /* Release */ = {
			isa = XCBuildConfiguration;
			buildSettings = {
				ASSETCATALOG_COMPILER_APPICON_NAME = AppIcon;
				ASSETCATALOG_COMPILER_GLOBAL_ACCENT_COLOR_NAME = AccentColor;
				CODE_SIGN_STYLE = Automatic;
				CURRENT_PROJECT_VERSION = 1;
				DEVELOPMENT_TEAM = A5WFHPQKLR;
				GENERATE_INFOPLIST_FILE = YES;
				INFOPLIST_FILE = RickAndMorty/Info.plist;
				INFOPLIST_KEY_UIApplicationSupportsIndirectInputEvents = YES;
				INFOPLIST_KEY_UILaunchStoryboardName = LaunchScreen;
				INFOPLIST_KEY_UISupportedInterfaceOrientations_iPad = "UIInterfaceOrientationPortrait UIInterfaceOrientationPortraitUpsideDown UIInterfaceOrientationLandscapeLeft UIInterfaceOrientationLandscapeRight";
				INFOPLIST_KEY_UISupportedInterfaceOrientations_iPhone = "UIInterfaceOrientationPortrait UIInterfaceOrientationLandscapeLeft UIInterfaceOrientationLandscapeRight";
				LD_RUNPATH_SEARCH_PATHS = (
					"$(inherited)",
					"@executable_path/Frameworks",
				);
				MARKETING_VERSION = 1.0;
				PRODUCT_BUNDLE_IDENTIFIER = janos.szekely.RickAndMorty;
				PRODUCT_NAME = "$(TARGET_NAME)";
				SWIFT_EMIT_LOC_STRINGS = YES;
				SWIFT_VERSION = 5.0;
				TARGETED_DEVICE_FAMILY = "1,2";
			};
			name = Release;
		};
/* End XCBuildConfiguration section */

/* Begin XCConfigurationList section */
		AC8CFBBA2B1BC83E00FAE50C /* Build configuration list for PBXProject "RickAndMorty" */ = {
			isa = XCConfigurationList;
			buildConfigurations = (
				AC8CFBD12B1BC83F00FAE50C /* Debug */,
				AC8CFBD22B1BC83F00FAE50C /* Release */,
			);
			defaultConfigurationIsVisible = 0;
			defaultConfigurationName = Release;
		};
		AC8CFBD32B1BC83F00FAE50C /* Build configuration list for PBXNativeTarget "RickAndMorty" */ = {
			isa = XCConfigurationList;
			buildConfigurations = (
				AC8CFBD42B1BC83F00FAE50C /* Debug */,
				AC8CFBD52B1BC83F00FAE50C /* Release */,
			);
			defaultConfigurationIsVisible = 0;
			defaultConfigurationName = Release;
		};
/* End XCConfigurationList section */
	};
	rootObject = AC8CFBB72B1BC83E00FAE50C /* Project object */;
}
