// !$*UTF8*$!
{
	archiveVersion = 1;
	classes = {
	};
	objectVersion = 56;
	objects = {

/* Begin PBXBuildFile section */
		AC2AFA0E2B7403E40009C76F /* RMCharacterPhotoCollectionViewCell.swift in Sources */ = {isa = PBXBuildFile; fileRef = AC2AFA0D2B7403E40009C76F /* RMCharacterPhotoCollectionViewCell.swift */; };
		AC2AFA102B7403FE0009C76F /* RMCharacterInfoCollectionViewCell.swift in Sources */ = {isa = PBXBuildFile; fileRef = AC2AFA0F2B7403FE0009C76F /* RMCharacterInfoCollectionViewCell.swift */; };
		AC2AFA122B7404120009C76F /* RMCharacterEpisodeCollectionViewCell.swift in Sources */ = {isa = PBXBuildFile; fileRef = AC2AFA112B7404120009C76F /* RMCharacterEpisodeCollectionViewCell.swift */; };
		AC2AFA152B74046A0009C76F /* RMCharacterPhotoCollectionViewCellViewModel.swift in Sources */ = {isa = PBXBuildFile; fileRef = AC2AFA142B74046A0009C76F /* RMCharacterPhotoCollectionViewCellViewModel.swift */; };
		AC2AFA172B7404760009C76F /* RMCharacterInfoCollectionViewCellViewModel.swift in Sources */ = {isa = PBXBuildFile; fileRef = AC2AFA162B7404760009C76F /* RMCharacterInfoCollectionViewCellViewModel.swift */; };
		AC2AFA192B7404820009C76F /* RMCharacterEpisodeCollectionViewCellViewModel.swift in Sources */ = {isa = PBXBuildFile; fileRef = AC2AFA182B7404820009C76F /* RMCharacterEpisodeCollectionViewCellViewModel.swift */; };
		AC381DE32B7BC06A007CF859 /* RMEpisodeListView.swift in Sources */ = {isa = PBXBuildFile; fileRef = AC381DE22B7BC06A007CF859 /* RMEpisodeListView.swift */; };
		AC381DE52B7BC397007CF859 /* RMEpisodeListViewViewModel.swift in Sources */ = {isa = PBXBuildFile; fileRef = AC381DE42B7BC397007CF859 /* RMEpisodeListViewViewModel.swift */; };
		AC381DE72B7BC6E4007CF859 /* RMGetAllEpisodesResponse.swift in Sources */ = {isa = PBXBuildFile; fileRef = AC381DE62B7BC6E4007CF859 /* RMGetAllEpisodesResponse.swift */; };
		AC381DE92B7CAF2E007CF859 /* RMSearchViewController.swift in Sources */ = {isa = PBXBuildFile; fileRef = AC381DE82B7CAF2E007CF859 /* RMSearchViewController.swift */; };
		AC381DEC2B7E2C1D007CF859 /* RMEpisodeInfoCollectionViewCell.swift in Sources */ = {isa = PBXBuildFile; fileRef = AC381DEB2B7E2C1D007CF859 /* RMEpisodeInfoCollectionViewCell.swift */; };
		AC381DEF2B7E2C4E007CF859 /* RMEpisodeInfoCollectionViewCellViewModel.swift in Sources */ = {isa = PBXBuildFile; fileRef = AC381DEE2B7E2C4E007CF859 /* RMEpisodeInfoCollectionViewCellViewModel.swift */; };
		AC381DF22B7FACD2007CF859 /* RMSettingsViewViewModel.swift in Sources */ = {isa = PBXBuildFile; fileRef = AC381DF12B7FACD2007CF859 /* RMSettingsViewViewModel.swift */; };
		AC381DF42B7FAD05007CF859 /* RMSettingsCellViewModel.swift in Sources */ = {isa = PBXBuildFile; fileRef = AC381DF32B7FAD05007CF859 /* RMSettingsCellViewModel.swift */; };
		AC381DF62B7FAD77007CF859 /* RMSettingsOption.swift in Sources */ = {isa = PBXBuildFile; fileRef = AC381DF52B7FAD77007CF859 /* RMSettingsOption.swift */; };
		AC381DF92B7FB0CE007CF859 /* RMSettingsView.swift in Sources */ = {isa = PBXBuildFile; fileRef = AC381DF82B7FB0CE007CF859 /* RMSettingsView.swift */; };
		AC381DFC2B813B23007CF859 /* RMLocationView.swift in Sources */ = {isa = PBXBuildFile; fileRef = AC381DFB2B813B23007CF859 /* RMLocationView.swift */; };
		AC381DFF2B814593007CF859 /* RMLocationViewViewModel.swift in Sources */ = {isa = PBXBuildFile; fileRef = AC381DFE2B814593007CF859 /* RMLocationViewViewModel.swift */; };
		AC381E012B814E51007CF859 /* RMGetLocationsResponse.swift in Sources */ = {isa = PBXBuildFile; fileRef = AC381E002B814E51007CF859 /* RMGetLocationsResponse.swift */; };
		AC381E032B8150BA007CF859 /* RMLocationTableViewCell.swift in Sources */ = {isa = PBXBuildFile; fileRef = AC381E022B8150BA007CF859 /* RMLocationTableViewCell.swift */; };
		AC381E052B815165007CF859 /* RMLocationTableViewCellViewModel.swift in Sources */ = {isa = PBXBuildFile; fileRef = AC381E042B815165007CF859 /* RMLocationTableViewCellViewModel.swift */; };
		AC381E072B81C439007CF859 /* RMLocationDetailViewController.swift in Sources */ = {isa = PBXBuildFile; fileRef = AC381E062B81C439007CF859 /* RMLocationDetailViewController.swift */; };
		AC381E0A2B823642007CF859 /* RMLocationDetailView.swift in Sources */ = {isa = PBXBuildFile; fileRef = AC381E092B823642007CF859 /* RMLocationDetailView.swift */; };
		AC381E0C2B834025007CF859 /* RMLocationDetailViewViewModel.swift in Sources */ = {isa = PBXBuildFile; fileRef = AC381E0B2B834025007CF859 /* RMLocationDetailViewViewModel.swift */; };
		AC3AC61B2B5C19F000AFB1C4 /* RMFooterLoadingCollectionReusableView.swift in Sources */ = {isa = PBXBuildFile; fileRef = AC3AC61A2B5C19F000AFB1C4 /* RMFooterLoadingCollectionReusableView.swift */; };
		AC4313D22B879D4A0000C07E /* RMSearchOptionPickerViewController.swift in Sources */ = {isa = PBXBuildFile; fileRef = AC4313D12B879D4A0000C07E /* RMSearchOptionPickerViewController.swift */; };
		AC4313D52B8A7ED80000C07E /* RMSearchResultsViewModel.swift in Sources */ = {isa = PBXBuildFile; fileRef = AC4313D42B8A7ED80000C07E /* RMSearchResultsViewModel.swift */; };
		AC4313D72B8B39CE0000C07E /* RMSearchResultsView.swift in Sources */ = {isa = PBXBuildFile; fileRef = AC4313D62B8B39CE0000C07E /* RMSearchResultsView.swift */; };
		AC4313D92B8CE5AB0000C07E /* RMTableLoadingFooterView.swift in Sources */ = {isa = PBXBuildFile; fileRef = AC4313D82B8CE5AB0000C07E /* RMTableLoadingFooterView.swift */; };
		AC50EB9E2B7B8B570098E29E /* RMEpisodeDetailViewController.swift in Sources */ = {isa = PBXBuildFile; fileRef = AC50EB9D2B7B8B570098E29E /* RMEpisodeDetailViewController.swift */; };
		AC50EBA02B7B9DDE0098E29E /* RMAPICacheManager.swift in Sources */ = {isa = PBXBuildFile; fileRef = AC50EB9F2B7B9DDE0098E29E /* RMAPICacheManager.swift */; };
		AC50EBA22B7BA4420098E29E /* RMEpisodeDetailViewModel.swift in Sources */ = {isa = PBXBuildFile; fileRef = AC50EBA12B7BA4420098E29E /* RMEpisodeDetailViewModel.swift */; };
		AC50EBA42B7BA4B80098E29E /* RMEpisodeDetailView.swift in Sources */ = {isa = PBXBuildFile; fileRef = AC50EBA32B7BA4B80098E29E /* RMEpisodeDetailView.swift */; };
		AC6A4EF92B652EA50046F23B /* RMImageManager.swift in Sources */ = {isa = PBXBuildFile; fileRef = AC6A4EF82B652EA50046F23B /* RMImageManager.swift */; };
		AC8CFBC32B1BC83E00FAE50C /* AppDelegate.swift in Sources */ = {isa = PBXBuildFile; fileRef = AC8CFBC22B1BC83E00FAE50C /* AppDelegate.swift */; };
		AC8CFBC52B1BC83E00FAE50C /* SceneDelegate.swift in Sources */ = {isa = PBXBuildFile; fileRef = AC8CFBC42B1BC83E00FAE50C /* SceneDelegate.swift */; };
		AC8CFBC72B1BC83E00FAE50C /* RMTabBarViewController.swift in Sources */ = {isa = PBXBuildFile; fileRef = AC8CFBC62B1BC83E00FAE50C /* RMTabBarViewController.swift */; };
		AC8CFBCC2B1BC83F00FAE50C /* Assets.xcassets in Resources */ = {isa = PBXBuildFile; fileRef = AC8CFBCB2B1BC83F00FAE50C /* Assets.xcassets */; };
		AC8CFBCF2B1BC83F00FAE50C /* LaunchScreen.storyboard in Resources */ = {isa = PBXBuildFile; fileRef = AC8CFBCD2B1BC83F00FAE50C /* LaunchScreen.storyboard */; };
		AC8CFBDE2B1BCD1000FAE50C /* RMLocation.swift in Sources */ = {isa = PBXBuildFile; fileRef = AC8CFBDD2B1BCD1000FAE50C /* RMLocation.swift */; };
		AC8CFBE02B1BCD3900FAE50C /* RMCharacter.swift in Sources */ = {isa = PBXBuildFile; fileRef = AC8CFBDF2B1BCD3900FAE50C /* RMCharacter.swift */; };
		AC8CFBE22B1BCD4E00FAE50C /* RMEpisode.swift in Sources */ = {isa = PBXBuildFile; fileRef = AC8CFBE12B1BCD4E00FAE50C /* RMEpisode.swift */; };
		AC8CFBE52B1BCE0000FAE50C /* RMCharacterViewController.swift in Sources */ = {isa = PBXBuildFile; fileRef = AC8CFBE42B1BCE0000FAE50C /* RMCharacterViewController.swift */; };
		AC8CFBE72B1BCE1E00FAE50C /* RMLocationViewController.swift in Sources */ = {isa = PBXBuildFile; fileRef = AC8CFBE62B1BCE1E00FAE50C /* RMLocationViewController.swift */; };
		AC8CFBE92B1BCE2F00FAE50C /* RMEpisodeViewController.swift in Sources */ = {isa = PBXBuildFile; fileRef = AC8CFBE82B1BCE2F00FAE50C /* RMEpisodeViewController.swift */; };
		AC8CFBEB2B1BCE3700FAE50C /* RMSettingsViewController.swift in Sources */ = {isa = PBXBuildFile; fileRef = AC8CFBEA2B1BCE3700FAE50C /* RMSettingsViewController.swift */; };
		AC8CFBED2B1BD7F500FAE50C /* RMService.swift in Sources */ = {isa = PBXBuildFile; fileRef = AC8CFBEC2B1BD7F500FAE50C /* RMService.swift */; };
		AC8CFBEF2B1BD81100FAE50C /* RMRequest.swift in Sources */ = {isa = PBXBuildFile; fileRef = AC8CFBEE2B1BD81100FAE50C /* RMRequest.swift */; };
		AC8CFBF12B1D1C8800FAE50C /* RMEndpoint.swift in Sources */ = {isa = PBXBuildFile; fileRef = AC8CFBF02B1D1C8800FAE50C /* RMEndpoint.swift */; };
		AC8CFBF32B1D236D00FAE50C /* RMOrigin.swift in Sources */ = {isa = PBXBuildFile; fileRef = AC8CFBF22B1D236D00FAE50C /* RMOrigin.swift */; };
		AC8CFBF52B1D23E700FAE50C /* RMSingleLocation.swift in Sources */ = {isa = PBXBuildFile; fileRef = AC8CFBF42B1D23E700FAE50C /* RMSingleLocation.swift */; };
		AC8CFBF72B1D252100FAE50C /* RMCharacterStatus.swift in Sources */ = {isa = PBXBuildFile; fileRef = AC8CFBF62B1D252100FAE50C /* RMCharacterStatus.swift */; };
		AC8CFBF92B1D256000FAE50C /* RMCharacterGender.swift in Sources */ = {isa = PBXBuildFile; fileRef = AC8CFBF82B1D256000FAE50C /* RMCharacterGender.swift */; };
		ACBA06B92B84EC4300DF1A2E /* RMSearchView.swift in Sources */ = {isa = PBXBuildFile; fileRef = ACBA06B82B84EC4300DF1A2E /* RMSearchView.swift */; };
		ACBA06BC2B84ECC100DF1A2E /* RMSearchViewViewModel.swift in Sources */ = {isa = PBXBuildFile; fileRef = ACBA06BB2B84ECC100DF1A2E /* RMSearchViewViewModel.swift */; };
		ACBA06BE2B84F75600DF1A2E /* RMNoSearchResultsView.swift in Sources */ = {isa = PBXBuildFile; fileRef = ACBA06BD2B84F75600DF1A2E /* RMNoSearchResultsView.swift */; };
		ACBA06C02B84F76C00DF1A2E /* RMNoSearchResultsViewViewModel.swift in Sources */ = {isa = PBXBuildFile; fileRef = ACBA06BF2B84F76C00DF1A2E /* RMNoSearchResultsViewViewModel.swift */; };
		ACBA06C22B84F7E100DF1A2E /* RMSearchInputView.swift in Sources */ = {isa = PBXBuildFile; fileRef = ACBA06C12B84F7E100DF1A2E /* RMSearchInputView.swift */; };
		ACBA06C42B84F7F000DF1A2E /* RMSearchInputViewViewModel.swift in Sources */ = {isa = PBXBuildFile; fileRef = ACBA06C32B84F7F000DF1A2E /* RMSearchInputViewViewModel.swift */; };
		ACE936672B2113F6003021E2 /* RMGetAllCharactersResponse.swift in Sources */ = {isa = PBXBuildFile; fileRef = ACE936662B2113F6003021E2 /* RMGetAllCharactersResponse.swift */; };
		ACE936692B225A85003021E2 /* RMCharacterListViewViewModel.swift in Sources */ = {isa = PBXBuildFile; fileRef = ACE936682B225A85003021E2 /* RMCharacterListViewViewModel.swift */; };
		ACE9366B2B225B59003021E2 /* RMCharacterListView.swift in Sources */ = {isa = PBXBuildFile; fileRef = ACE9366A2B225B59003021E2 /* RMCharacterListView.swift */; };
		ACE9366D2B226299003021E2 /* Extensions.swift in Sources */ = {isa = PBXBuildFile; fileRef = ACE9366C2B226299003021E2 /* Extensions.swift */; };
		ACE9366F2B22D558003021E2 /* RMCharacterCollectionViewCell.swift in Sources */ = {isa = PBXBuildFile; fileRef = ACE9366E2B22D558003021E2 /* RMCharacterCollectionViewCell.swift */; };
		ACE936712B22D742003021E2 /* RMCharacterCollectionViewCellViewModel.swift in Sources */ = {isa = PBXBuildFile; fileRef = ACE936702B22D742003021E2 /* RMCharacterCollectionViewCellViewModel.swift */; };
		ACE936742B264B2F003021E2 /* RMCharacterDetailViewController.swift in Sources */ = {isa = PBXBuildFile; fileRef = ACE936732B264B2F003021E2 /* RMCharacterDetailViewController.swift */; };
		ACE936762B264BEA003021E2 /* RMCharacterDetailView.swift in Sources */ = {isa = PBXBuildFile; fileRef = ACE936752B264BEA003021E2 /* RMCharacterDetailView.swift */; };
		ACE936782B264C09003021E2 /* RMCharacterDetailViewViewModel.swift in Sources */ = {isa = PBXBuildFile; fileRef = ACE936772B264C09003021E2 /* RMCharacterDetailViewViewModel.swift */; };
/* End PBXBuildFile section */

/* Begin PBXFileReference section */
		AC2AFA0D2B7403E40009C76F /* RMCharacterPhotoCollectionViewCell.swift */ = {isa = PBXFileReference; lastKnownFileType = sourcecode.swift; path = RMCharacterPhotoCollectionViewCell.swift; sourceTree = "<group>"; };
		AC2AFA0F2B7403FE0009C76F /* RMCharacterInfoCollectionViewCell.swift */ = {isa = PBXFileReference; lastKnownFileType = sourcecode.swift; path = RMCharacterInfoCollectionViewCell.swift; sourceTree = "<group>"; };
		AC2AFA112B7404120009C76F /* RMCharacterEpisodeCollectionViewCell.swift */ = {isa = PBXFileReference; lastKnownFileType = sourcecode.swift; path = RMCharacterEpisodeCollectionViewCell.swift; sourceTree = "<group>"; };
		AC2AFA142B74046A0009C76F /* RMCharacterPhotoCollectionViewCellViewModel.swift */ = {isa = PBXFileReference; lastKnownFileType = sourcecode.swift; path = RMCharacterPhotoCollectionViewCellViewModel.swift; sourceTree = "<group>"; };
		AC2AFA162B7404760009C76F /* RMCharacterInfoCollectionViewCellViewModel.swift */ = {isa = PBXFileReference; lastKnownFileType = sourcecode.swift; path = RMCharacterInfoCollectionViewCellViewModel.swift; sourceTree = "<group>"; };
		AC2AFA182B7404820009C76F /* RMCharacterEpisodeCollectionViewCellViewModel.swift */ = {isa = PBXFileReference; lastKnownFileType = sourcecode.swift; path = RMCharacterEpisodeCollectionViewCellViewModel.swift; sourceTree = "<group>"; };
		AC381DE22B7BC06A007CF859 /* RMEpisodeListView.swift */ = {isa = PBXFileReference; lastKnownFileType = sourcecode.swift; path = RMEpisodeListView.swift; sourceTree = "<group>"; };
		AC381DE42B7BC397007CF859 /* RMEpisodeListViewViewModel.swift */ = {isa = PBXFileReference; lastKnownFileType = sourcecode.swift; path = RMEpisodeListViewViewModel.swift; sourceTree = "<group>"; };
		AC381DE62B7BC6E4007CF859 /* RMGetAllEpisodesResponse.swift */ = {isa = PBXFileReference; lastKnownFileType = sourcecode.swift; path = RMGetAllEpisodesResponse.swift; sourceTree = "<group>"; };
		AC381DE82B7CAF2E007CF859 /* RMSearchViewController.swift */ = {isa = PBXFileReference; lastKnownFileType = sourcecode.swift; path = RMSearchViewController.swift; sourceTree = "<group>"; };
		AC381DEB2B7E2C1D007CF859 /* RMEpisodeInfoCollectionViewCell.swift */ = {isa = PBXFileReference; lastKnownFileType = sourcecode.swift; path = RMEpisodeInfoCollectionViewCell.swift; sourceTree = "<group>"; };
		AC381DEE2B7E2C4E007CF859 /* RMEpisodeInfoCollectionViewCellViewModel.swift */ = {isa = PBXFileReference; lastKnownFileType = sourcecode.swift; path = RMEpisodeInfoCollectionViewCellViewModel.swift; sourceTree = "<group>"; };
		AC381DF12B7FACD2007CF859 /* RMSettingsViewViewModel.swift */ = {isa = PBXFileReference; lastKnownFileType = sourcecode.swift; path = RMSettingsViewViewModel.swift; sourceTree = "<group>"; };
		AC381DF32B7FAD05007CF859 /* RMSettingsCellViewModel.swift */ = {isa = PBXFileReference; lastKnownFileType = sourcecode.swift; path = RMSettingsCellViewModel.swift; sourceTree = "<group>"; };
		AC381DF52B7FAD77007CF859 /* RMSettingsOption.swift */ = {isa = PBXFileReference; lastKnownFileType = sourcecode.swift; path = RMSettingsOption.swift; sourceTree = "<group>"; };
		AC381DF82B7FB0CE007CF859 /* RMSettingsView.swift */ = {isa = PBXFileReference; lastKnownFileType = sourcecode.swift; path = RMSettingsView.swift; sourceTree = "<group>"; };
		AC381DFB2B813B23007CF859 /* RMLocationView.swift */ = {isa = PBXFileReference; lastKnownFileType = sourcecode.swift; path = RMLocationView.swift; sourceTree = "<group>"; };
		AC381DFE2B814593007CF859 /* RMLocationViewViewModel.swift */ = {isa = PBXFileReference; lastKnownFileType = sourcecode.swift; path = RMLocationViewViewModel.swift; sourceTree = "<group>"; };
		AC381E002B814E51007CF859 /* RMGetLocationsResponse.swift */ = {isa = PBXFileReference; lastKnownFileType = sourcecode.swift; path = RMGetLocationsResponse.swift; sourceTree = "<group>"; };
		AC381E022B8150BA007CF859 /* RMLocationTableViewCell.swift */ = {isa = PBXFileReference; lastKnownFileType = sourcecode.swift; path = RMLocationTableViewCell.swift; sourceTree = "<group>"; };
		AC381E042B815165007CF859 /* RMLocationTableViewCellViewModel.swift */ = {isa = PBXFileReference; lastKnownFileType = sourcecode.swift; path = RMLocationTableViewCellViewModel.swift; sourceTree = "<group>"; };
		AC381E062B81C439007CF859 /* RMLocationDetailViewController.swift */ = {isa = PBXFileReference; lastKnownFileType = sourcecode.swift; path = RMLocationDetailViewController.swift; sourceTree = "<group>"; };
		AC381E092B823642007CF859 /* RMLocationDetailView.swift */ = {isa = PBXFileReference; lastKnownFileType = sourcecode.swift; path = RMLocationDetailView.swift; sourceTree = "<group>"; };
		AC381E0B2B834025007CF859 /* RMLocationDetailViewViewModel.swift */ = {isa = PBXFileReference; lastKnownFileType = sourcecode.swift; path = RMLocationDetailViewViewModel.swift; sourceTree = "<group>"; };
		AC3AC61A2B5C19F000AFB1C4 /* RMFooterLoadingCollectionReusableView.swift */ = {isa = PBXFileReference; lastKnownFileType = sourcecode.swift; path = RMFooterLoadingCollectionReusableView.swift; sourceTree = "<group>"; };
		AC4313D12B879D4A0000C07E /* RMSearchOptionPickerViewController.swift */ = {isa = PBXFileReference; lastKnownFileType = sourcecode.swift; path = RMSearchOptionPickerViewController.swift; sourceTree = "<group>"; };
		AC4313D42B8A7ED80000C07E /* RMSearchResultsViewModel.swift */ = {isa = PBXFileReference; lastKnownFileType = sourcecode.swift; path = RMSearchResultsViewModel.swift; sourceTree = "<group>"; };
		AC4313D62B8B39CE0000C07E /* RMSearchResultsView.swift */ = {isa = PBXFileReference; lastKnownFileType = sourcecode.swift; path = RMSearchResultsView.swift; sourceTree = "<group>"; };
		AC4313D82B8CE5AB0000C07E /* RMTableLoadingFooterView.swift */ = {isa = PBXFileReference; lastKnownFileType = sourcecode.swift; path = RMTableLoadingFooterView.swift; sourceTree = "<group>"; };
		AC50EB9D2B7B8B570098E29E /* RMEpisodeDetailViewController.swift */ = {isa = PBXFileReference; lastKnownFileType = sourcecode.swift; path = RMEpisodeDetailViewController.swift; sourceTree = "<group>"; };
		AC50EB9F2B7B9DDE0098E29E /* RMAPICacheManager.swift */ = {isa = PBXFileReference; lastKnownFileType = sourcecode.swift; path = RMAPICacheManager.swift; sourceTree = "<group>"; };
		AC50EBA12B7BA4420098E29E /* RMEpisodeDetailViewModel.swift */ = {isa = PBXFileReference; lastKnownFileType = sourcecode.swift; path = RMEpisodeDetailViewModel.swift; sourceTree = "<group>"; };
		AC50EBA32B7BA4B80098E29E /* RMEpisodeDetailView.swift */ = {isa = PBXFileReference; lastKnownFileType = sourcecode.swift; path = RMEpisodeDetailView.swift; sourceTree = "<group>"; };
		AC6A4EF82B652EA50046F23B /* RMImageManager.swift */ = {isa = PBXFileReference; lastKnownFileType = sourcecode.swift; path = RMImageManager.swift; sourceTree = "<group>"; };
		AC8CFBBF2B1BC83E00FAE50C /* RickAndMorty.app */ = {isa = PBXFileReference; explicitFileType = wrapper.application; includeInIndex = 0; path = RickAndMorty.app; sourceTree = BUILT_PRODUCTS_DIR; };
		AC8CFBC22B1BC83E00FAE50C /* AppDelegate.swift */ = {isa = PBXFileReference; lastKnownFileType = sourcecode.swift; path = AppDelegate.swift; sourceTree = "<group>"; };
		AC8CFBC42B1BC83E00FAE50C /* SceneDelegate.swift */ = {isa = PBXFileReference; lastKnownFileType = sourcecode.swift; path = SceneDelegate.swift; sourceTree = "<group>"; };
		AC8CFBC62B1BC83E00FAE50C /* RMTabBarViewController.swift */ = {isa = PBXFileReference; lastKnownFileType = sourcecode.swift; path = RMTabBarViewController.swift; sourceTree = "<group>"; };
		AC8CFBCB2B1BC83F00FAE50C /* Assets.xcassets */ = {isa = PBXFileReference; lastKnownFileType = folder.assetcatalog; path = Assets.xcassets; sourceTree = "<group>"; };
		AC8CFBCE2B1BC83F00FAE50C /* Base */ = {isa = PBXFileReference; lastKnownFileType = file.storyboard; name = Base; path = Base.lproj/LaunchScreen.storyboard; sourceTree = "<group>"; };
		AC8CFBD02B1BC83F00FAE50C /* Info.plist */ = {isa = PBXFileReference; lastKnownFileType = text.plist.xml; path = Info.plist; sourceTree = "<group>"; };
		AC8CFBDD2B1BCD1000FAE50C /* RMLocation.swift */ = {isa = PBXFileReference; lastKnownFileType = sourcecode.swift; path = RMLocation.swift; sourceTree = "<group>"; };
		AC8CFBDF2B1BCD3900FAE50C /* RMCharacter.swift */ = {isa = PBXFileReference; lastKnownFileType = sourcecode.swift; path = RMCharacter.swift; sourceTree = "<group>"; };
		AC8CFBE12B1BCD4E00FAE50C /* RMEpisode.swift */ = {isa = PBXFileReference; lastKnownFileType = sourcecode.swift; path = RMEpisode.swift; sourceTree = "<group>"; };
		AC8CFBE42B1BCE0000FAE50C /* RMCharacterViewController.swift */ = {isa = PBXFileReference; lastKnownFileType = sourcecode.swift; path = RMCharacterViewController.swift; sourceTree = "<group>"; };
		AC8CFBE62B1BCE1E00FAE50C /* RMLocationViewController.swift */ = {isa = PBXFileReference; lastKnownFileType = sourcecode.swift; path = RMLocationViewController.swift; sourceTree = "<group>"; };
		AC8CFBE82B1BCE2F00FAE50C /* RMEpisodeViewController.swift */ = {isa = PBXFileReference; lastKnownFileType = sourcecode.swift; path = RMEpisodeViewController.swift; sourceTree = "<group>"; };
		AC8CFBEA2B1BCE3700FAE50C /* RMSettingsViewController.swift */ = {isa = PBXFileReference; lastKnownFileType = sourcecode.swift; path = RMSettingsViewController.swift; sourceTree = "<group>"; };
		AC8CFBEC2B1BD7F500FAE50C /* RMService.swift */ = {isa = PBXFileReference; lastKnownFileType = sourcecode.swift; path = RMService.swift; sourceTree = "<group>"; };
		AC8CFBEE2B1BD81100FAE50C /* RMRequest.swift */ = {isa = PBXFileReference; lastKnownFileType = sourcecode.swift; path = RMRequest.swift; sourceTree = "<group>"; };
		AC8CFBF02B1D1C8800FAE50C /* RMEndpoint.swift */ = {isa = PBXFileReference; lastKnownFileType = sourcecode.swift; path = RMEndpoint.swift; sourceTree = "<group>"; };
		AC8CFBF22B1D236D00FAE50C /* RMOrigin.swift */ = {isa = PBXFileReference; lastKnownFileType = sourcecode.swift; path = RMOrigin.swift; sourceTree = "<group>"; };
		AC8CFBF42B1D23E700FAE50C /* RMSingleLocation.swift */ = {isa = PBXFileReference; lastKnownFileType = sourcecode.swift; path = RMSingleLocation.swift; sourceTree = "<group>"; };
		AC8CFBF62B1D252100FAE50C /* RMCharacterStatus.swift */ = {isa = PBXFileReference; lastKnownFileType = sourcecode.swift; path = RMCharacterStatus.swift; sourceTree = "<group>"; };
		AC8CFBF82B1D256000FAE50C /* RMCharacterGender.swift */ = {isa = PBXFileReference; lastKnownFileType = sourcecode.swift; path = RMCharacterGender.swift; sourceTree = "<group>"; };
		ACBA06B82B84EC4300DF1A2E /* RMSearchView.swift */ = {isa = PBXFileReference; lastKnownFileType = sourcecode.swift; path = RMSearchView.swift; sourceTree = "<group>"; };
		ACBA06BB2B84ECC100DF1A2E /* RMSearchViewViewModel.swift */ = {isa = PBXFileReference; lastKnownFileType = sourcecode.swift; path = RMSearchViewViewModel.swift; sourceTree = "<group>"; };
		ACBA06BD2B84F75600DF1A2E /* RMNoSearchResultsView.swift */ = {isa = PBXFileReference; lastKnownFileType = sourcecode.swift; path = RMNoSearchResultsView.swift; sourceTree = "<group>"; };
		ACBA06BF2B84F76C00DF1A2E /* RMNoSearchResultsViewViewModel.swift */ = {isa = PBXFileReference; lastKnownFileType = sourcecode.swift; path = RMNoSearchResultsViewViewModel.swift; sourceTree = "<group>"; };
		ACBA06C12B84F7E100DF1A2E /* RMSearchInputView.swift */ = {isa = PBXFileReference; lastKnownFileType = sourcecode.swift; path = RMSearchInputView.swift; sourceTree = "<group>"; };
		ACBA06C32B84F7F000DF1A2E /* RMSearchInputViewViewModel.swift */ = {isa = PBXFileReference; lastKnownFileType = sourcecode.swift; path = RMSearchInputViewViewModel.swift; sourceTree = "<group>"; };
		ACE936662B2113F6003021E2 /* RMGetAllCharactersResponse.swift */ = {isa = PBXFileReference; lastKnownFileType = sourcecode.swift; path = RMGetAllCharactersResponse.swift; sourceTree = "<group>"; };
		ACE936682B225A85003021E2 /* RMCharacterListViewViewModel.swift */ = {isa = PBXFileReference; lastKnownFileType = sourcecode.swift; path = RMCharacterListViewViewModel.swift; sourceTree = "<group>"; };
		ACE9366A2B225B59003021E2 /* RMCharacterListView.swift */ = {isa = PBXFileReference; lastKnownFileType = sourcecode.swift; path = RMCharacterListView.swift; sourceTree = "<group>"; };
		ACE9366C2B226299003021E2 /* Extensions.swift */ = {isa = PBXFileReference; lastKnownFileType = sourcecode.swift; path = Extensions.swift; sourceTree = "<group>"; };
		ACE9366E2B22D558003021E2 /* RMCharacterCollectionViewCell.swift */ = {isa = PBXFileReference; lastKnownFileType = sourcecode.swift; path = RMCharacterCollectionViewCell.swift; sourceTree = "<group>"; };
		ACE936702B22D742003021E2 /* RMCharacterCollectionViewCellViewModel.swift */ = {isa = PBXFileReference; lastKnownFileType = sourcecode.swift; path = RMCharacterCollectionViewCellViewModel.swift; sourceTree = "<group>"; };
		ACE936732B264B2F003021E2 /* RMCharacterDetailViewController.swift */ = {isa = PBXFileReference; lastKnownFileType = sourcecode.swift; path = RMCharacterDetailViewController.swift; sourceTree = "<group>"; };
		ACE936752B264BEA003021E2 /* RMCharacterDetailView.swift */ = {isa = PBXFileReference; lastKnownFileType = sourcecode.swift; path = RMCharacterDetailView.swift; sourceTree = "<group>"; };
		ACE936772B264C09003021E2 /* RMCharacterDetailViewViewModel.swift */ = {isa = PBXFileReference; lastKnownFileType = sourcecode.swift; path = RMCharacterDetailViewViewModel.swift; sourceTree = "<group>"; };
/* End PBXFileReference section */

/* Begin PBXFrameworksBuildPhase section */
		AC8CFBBC2B1BC83E00FAE50C /* Frameworks */ = {
			isa = PBXFrameworksBuildPhase;
			buildActionMask = 2147483647;
			files = (
			);
			runOnlyForDeploymentPostprocessing = 0;
		};
/* End PBXFrameworksBuildPhase section */

/* Begin PBXGroup section */
		AC2AFA0B2B7403750009C76F /* CharacterDetails */ = {
			isa = PBXGroup;
			children = (
				ACE936752B264BEA003021E2 /* RMCharacterDetailView.swift */,
				AC2AFA0D2B7403E40009C76F /* RMCharacterPhotoCollectionViewCell.swift */,
				AC2AFA0F2B7403FE0009C76F /* RMCharacterInfoCollectionViewCell.swift */,
				AC2AFA112B7404120009C76F /* RMCharacterEpisodeCollectionViewCell.swift */,
			);
			path = CharacterDetails;
			sourceTree = "<group>";
		};
		AC2AFA0C2B7403A80009C76F /* Character */ = {
			isa = PBXGroup;
			children = (
				ACE9366A2B225B59003021E2 /* RMCharacterListView.swift */,
				ACE9366E2B22D558003021E2 /* RMCharacterCollectionViewCell.swift */,
			);
			path = Character;
			sourceTree = "<group>";
		};
		AC2AFA132B74042D0009C76F /* CharacterDetils */ = {
			isa = PBXGroup;
			children = (
				ACE936772B264C09003021E2 /* RMCharacterDetailViewViewModel.swift */,
				AC2AFA142B74046A0009C76F /* RMCharacterPhotoCollectionViewCellViewModel.swift */,
				AC2AFA162B7404760009C76F /* RMCharacterInfoCollectionViewCellViewModel.swift */,
				AC2AFA182B7404820009C76F /* RMCharacterEpisodeCollectionViewCellViewModel.swift */,
			);
			path = CharacterDetils;
			sourceTree = "<group>";
		};
		AC381DE12B7BC05C007CF859 /* Episode */ = {
			isa = PBXGroup;
			children = (
				AC381DE22B7BC06A007CF859 /* RMEpisodeListView.swift */,
			);
			path = Episode;
			sourceTree = "<group>";
		};
		AC381DEA2B7E2BD6007CF859 /* EpisodeDetails */ = {
			isa = PBXGroup;
			children = (
				AC50EBA32B7BA4B80098E29E /* RMEpisodeDetailView.swift */,
				AC381DEB2B7E2C1D007CF859 /* RMEpisodeInfoCollectionViewCell.swift */,
			);
			path = EpisodeDetails;
			sourceTree = "<group>";
		};
		AC381DED2B7E2C35007CF859 /* EpisodeDetail */ = {
			isa = PBXGroup;
			children = (
				AC50EBA12B7BA4420098E29E /* RMEpisodeDetailViewModel.swift */,
				AC381DEE2B7E2C4E007CF859 /* RMEpisodeInfoCollectionViewCellViewModel.swift */,
			);
			path = EpisodeDetail;
			sourceTree = "<group>";
		};
		AC381DF02B7FACC1007CF859 /* Settings */ = {
			isa = PBXGroup;
			children = (
				AC381DF12B7FACD2007CF859 /* RMSettingsViewViewModel.swift */,
				AC381DF32B7FAD05007CF859 /* RMSettingsCellViewModel.swift */,
				AC381DF52B7FAD77007CF859 /* RMSettingsOption.swift */,
			);
			path = Settings;
			sourceTree = "<group>";
		};
		AC381DF72B7FB0B5007CF859 /* SwiftUI */ = {
			isa = PBXGroup;
			children = (
				AC381DF82B7FB0CE007CF859 /* RMSettingsView.swift */,
			);
			path = SwiftUI;
			sourceTree = "<group>";
		};
		AC381DFA2B813B0C007CF859 /* Location */ = {
			isa = PBXGroup;
			children = (
				AC381DFB2B813B23007CF859 /* RMLocationView.swift */,
				AC381E022B8150BA007CF859 /* RMLocationTableViewCell.swift */,
			);
			path = Location;
			sourceTree = "<group>";
		};
		AC381DFD2B81458B007CF859 /* Location */ = {
			isa = PBXGroup;
			children = (
				AC381E0B2B834025007CF859 /* RMLocationDetailViewViewModel.swift */,
				AC381DFE2B814593007CF859 /* RMLocationViewViewModel.swift */,
				AC381E042B815165007CF859 /* RMLocationTableViewCellViewModel.swift */,
			);
			path = Location;
			sourceTree = "<group>";
		};
		AC381E082B82361D007CF859 /* LocationDetails */ = {
			isa = PBXGroup;
			children = (
				AC381E092B823642007CF859 /* RMLocationDetailView.swift */,
			);
			path = LocationDetails;
			sourceTree = "<group>";
		};
		AC4313D32B879E280000C07E /* Search */ = {
			isa = PBXGroup;
			children = (
				AC381DE82B7CAF2E007CF859 /* RMSearchViewController.swift */,
				AC4313D12B879D4A0000C07E /* RMSearchOptionPickerViewController.swift */,
			);
			path = Search;
			sourceTree = "<group>";
		};
		AC8CFBB62B1BC83E00FAE50C = {
			isa = PBXGroup;
			children = (
				AC8CFBC12B1BC83E00FAE50C /* RickAndMorty */,
				AC8CFBC02B1BC83E00FAE50C /* Products */,
			);
			sourceTree = "<group>";
		};
		AC8CFBC02B1BC83E00FAE50C /* Products */ = {
			isa = PBXGroup;
			children = (
				AC8CFBBF2B1BC83E00FAE50C /* RickAndMorty.app */,
			);
			name = Products;
			sourceTree = "<group>";
		};
		AC8CFBC12B1BC83E00FAE50C /* RickAndMorty */ = {
			isa = PBXGroup;
			children = (
				AC8CFBDC2B1BCBC800FAE50C /* Resources */,
				AC8CFBDB2B1BCBA300FAE50C /* APIClients */,
				AC8CFBDA2B1BCB8C00FAE50C /* Managers */,
				AC8CFBD92B1BCB5100FAE50C /* ViewModels */,
				AC8CFBD82B1BCB4200FAE50C /* Views */,
				AC8CFBD72B1BCB3800FAE50C /* Models */,
				AC8CFBD62B1BCB2A00FAE50C /* Controllers */,
				AC8CFBD02B1BC83F00FAE50C /* Info.plist */,
			);
			path = RickAndMorty;
			sourceTree = "<group>";
		};
		AC8CFBD62B1BCB2A00FAE50C /* Controllers */ = {
			isa = PBXGroup;
			children = (
				ACE936722B264AE8003021E2 /* Other */,
				AC8CFBE32B1BCDCF00FAE50C /* Core */,
			);
			path = Controllers;
			sourceTree = "<group>";
		};
		AC8CFBD72B1BCB3800FAE50C /* Models */ = {
			isa = PBXGroup;
			children = (
				ACE936652B2113D2003021E2 /* APIResponseTypes */,
				ACE936642B2113B8003021E2 /* DataTypes */,
			);
			path = Models;
			sourceTree = "<group>";
		};
		AC8CFBD82B1BCB4200FAE50C /* Views */ = {
			isa = PBXGroup;
			children = (
				ACBA06B72B84EC3500DF1A2E /* Search */,
				AC381E082B82361D007CF859 /* LocationDetails */,
				AC381DFA2B813B0C007CF859 /* Location */,
				AC381DF72B7FB0B5007CF859 /* SwiftUI */,
				AC381DEA2B7E2BD6007CF859 /* EpisodeDetails */,
				AC381DE12B7BC05C007CF859 /* Episode */,
				AC2AFA0B2B7403750009C76F /* CharacterDetails */,
				AC2AFA0C2B7403A80009C76F /* Character */,
				AC3AC61A2B5C19F000AFB1C4 /* RMFooterLoadingCollectionReusableView.swift */,
				AC4313D82B8CE5AB0000C07E /* RMTableLoadingFooterView.swift */,
			);
			path = Views;
			sourceTree = "<group>";
		};
		AC8CFBD92B1BCB5100FAE50C /* ViewModels */ = {
			isa = PBXGroup;
			children = (
				ACBA06BA2B84ECBA00DF1A2E /* Search */,
				AC381DFD2B81458B007CF859 /* Location */,
				AC381DF02B7FACC1007CF859 /* Settings */,
				AC381DED2B7E2C35007CF859 /* EpisodeDetail */,
				AC2AFA132B74042D0009C76F /* CharacterDetils */,
				ACE936682B225A85003021E2 /* RMCharacterListViewViewModel.swift */,
				ACE936702B22D742003021E2 /* RMCharacterCollectionViewCellViewModel.swift */,
				AC381DE42B7BC397007CF859 /* RMEpisodeListViewViewModel.swift */,
			);
			path = ViewModels;
			sourceTree = "<group>";
		};
		AC8CFBDA2B1BCB8C00FAE50C /* Managers */ = {
			isa = PBXGroup;
			children = (
				AC6A4EF82B652EA50046F23B /* RMImageManager.swift */,
				AC50EB9F2B7B9DDE0098E29E /* RMAPICacheManager.swift */,
			);
			path = Managers;
			sourceTree = "<group>";
		};
		AC8CFBDB2B1BCBA300FAE50C /* APIClients */ = {
			isa = PBXGroup;
			children = (
				AC8CFBEC2B1BD7F500FAE50C /* RMService.swift */,
				AC8CFBEE2B1BD81100FAE50C /* RMRequest.swift */,
				AC8CFBF02B1D1C8800FAE50C /* RMEndpoint.swift */,
			);
			path = APIClients;
			sourceTree = "<group>";
		};
		AC8CFBDC2B1BCBC800FAE50C /* Resources */ = {
			isa = PBXGroup;
			children = (
				AC8CFBC22B1BC83E00FAE50C /* AppDelegate.swift */,
				AC8CFBC42B1BC83E00FAE50C /* SceneDelegate.swift */,
				AC8CFBCB2B1BC83F00FAE50C /* Assets.xcassets */,
				AC8CFBCD2B1BC83F00FAE50C /* LaunchScreen.storyboard */,
				ACE9366C2B226299003021E2 /* Extensions.swift */,
			);
			path = Resources;
			sourceTree = "<group>";
		};
		AC8CFBE32B1BCDCF00FAE50C /* Core */ = {
			isa = PBXGroup;
			children = (
				AC8CFBC62B1BC83E00FAE50C /* RMTabBarViewController.swift */,
				AC8CFBE42B1BCE0000FAE50C /* RMCharacterViewController.swift */,
				AC8CFBE62B1BCE1E00FAE50C /* RMLocationViewController.swift */,
				AC8CFBE82B1BCE2F00FAE50C /* RMEpisodeViewController.swift */,
				AC8CFBEA2B1BCE3700FAE50C /* RMSettingsViewController.swift */,
			);
			path = Core;
			sourceTree = "<group>";
		};
		ACBA06B72B84EC3500DF1A2E /* Search */ = {
			isa = PBXGroup;
			children = (
				ACBA06B82B84EC4300DF1A2E /* RMSearchView.swift */,
				ACBA06BD2B84F75600DF1A2E /* RMNoSearchResultsView.swift */,
				ACBA06C12B84F7E100DF1A2E /* RMSearchInputView.swift */,
				AC4313D62B8B39CE0000C07E /* RMSearchResultsView.swift */,
			);
			path = Search;
			sourceTree = "<group>";
		};
		ACBA06BA2B84ECBA00DF1A2E /* Search */ = {
			isa = PBXGroup;
			children = (
				ACBA06BB2B84ECC100DF1A2E /* RMSearchViewViewModel.swift */,
				ACBA06BF2B84F76C00DF1A2E /* RMNoSearchResultsViewViewModel.swift */,
				ACBA06C32B84F7F000DF1A2E /* RMSearchInputViewViewModel.swift */,
				AC4313D42B8A7ED80000C07E /* RMSearchResultsViewModel.swift */,
			);
			path = Search;
			sourceTree = "<group>";
		};
		ACE936642B2113B8003021E2 /* DataTypes */ = {
			isa = PBXGroup;
			children = (
				AC8CFBDD2B1BCD1000FAE50C /* RMLocation.swift */,
				AC8CFBDF2B1BCD3900FAE50C /* RMCharacter.swift */,
				AC8CFBE12B1BCD4E00FAE50C /* RMEpisode.swift */,
				AC8CFBF22B1D236D00FAE50C /* RMOrigin.swift */,
				AC8CFBF42B1D23E700FAE50C /* RMSingleLocation.swift */,
				AC8CFBF62B1D252100FAE50C /* RMCharacterStatus.swift */,
				AC8CFBF82B1D256000FAE50C /* RMCharacterGender.swift */,
			);
			path = DataTypes;
			sourceTree = "<group>";
		};
		ACE936652B2113D2003021E2 /* APIResponseTypes */ = {
			isa = PBXGroup;
			children = (
				ACE936662B2113F6003021E2 /* RMGetAllCharactersResponse.swift */,
				AC381DE62B7BC6E4007CF859 /* RMGetAllEpisodesResponse.swift */,
				AC381E002B814E51007CF859 /* RMGetLocationsResponse.swift */,
			);
			path = APIResponseTypes;
			sourceTree = "<group>";
		};
		ACE936722B264AE8003021E2 /* Other */ = {
			isa = PBXGroup;
			children = (
				AC4313D32B879E280000C07E /* Search */,
				ACE936732B264B2F003021E2 /* RMCharacterDetailViewController.swift */,
				AC50EB9D2B7B8B570098E29E /* RMEpisodeDetailViewController.swift */,
				AC381E062B81C439007CF859 /* RMLocationDetailViewController.swift */,
			);
			path = Other;
			sourceTree = "<group>";
		};
/* End PBXGroup section */

/* Begin PBXNativeTarget section */
		AC8CFBBE2B1BC83E00FAE50C /* RickAndMorty */ = {
			isa = PBXNativeTarget;
			buildConfigurationList = AC8CFBD32B1BC83F00FAE50C /* Build configuration list for PBXNativeTarget "RickAndMorty" */;
			buildPhases = (
				AC8CFBBB2B1BC83E00FAE50C /* Sources */,
				AC8CFBBC2B1BC83E00FAE50C /* Frameworks */,
				AC8CFBBD2B1BC83E00FAE50C /* Resources */,
			);
			buildRules = (
			);
			dependencies = (
			);
			name = RickAndMorty;
			productName = RickAndMorty;
			productReference = AC8CFBBF2B1BC83E00FAE50C /* RickAndMorty.app */;
			productType = "com.apple.product-type.application";
		};
/* End PBXNativeTarget section */

/* Begin PBXProject section */
		AC8CFBB72B1BC83E00FAE50C /* Project object */ = {
			isa = PBXProject;
			attributes = {
				BuildIndependentTargetsInParallel = 1;
				LastSwiftUpdateCheck = 1500;
				LastUpgradeCheck = 1500;
				TargetAttributes = {
					AC8CFBBE2B1BC83E00FAE50C = {
						CreatedOnToolsVersion = 15.0.1;
					};
				};
			};
			buildConfigurationList = AC8CFBBA2B1BC83E00FAE50C /* Build configuration list for PBXProject "RickAndMorty" */;
			compatibilityVersion = "Xcode 14.0";
			developmentRegion = en;
			hasScannedForEncodings = 0;
			knownRegions = (
				en,
				Base,
			);
			mainGroup = AC8CFBB62B1BC83E00FAE50C;
			productRefGroup = AC8CFBC02B1BC83E00FAE50C /* Products */;
			projectDirPath = "";
			projectRoot = "";
			targets = (
				AC8CFBBE2B1BC83E00FAE50C /* RickAndMorty */,
			);
		};
/* End PBXProject section */

/* Begin PBXResourcesBuildPhase section */
		AC8CFBBD2B1BC83E00FAE50C /* Resources */ = {
			isa = PBXResourcesBuildPhase;
			buildActionMask = 2147483647;
			files = (
				AC8CFBCF2B1BC83F00FAE50C /* LaunchScreen.storyboard in Resources */,
				AC8CFBCC2B1BC83F00FAE50C /* Assets.xcassets in Resources */,
			);
			runOnlyForDeploymentPostprocessing = 0;
		};
/* End PBXResourcesBuildPhase section */

/* Begin PBXSourcesBuildPhase section */
		AC8CFBBB2B1BC83E00FAE50C /* Sources */ = {
			isa = PBXSourcesBuildPhase;
			buildActionMask = 2147483647;
			files = (
				ACE936672B2113F6003021E2 /* RMGetAllCharactersResponse.swift in Sources */,
				ACE936782B264C09003021E2 /* RMCharacterDetailViewViewModel.swift in Sources */,
				AC8CFBF32B1D236D00FAE50C /* RMOrigin.swift in Sources */,
				AC381DE92B7CAF2E007CF859 /* RMSearchViewController.swift in Sources */,
				ACBA06BC2B84ECC100DF1A2E /* RMSearchViewViewModel.swift in Sources */,
				ACBA06B92B84EC4300DF1A2E /* RMSearchView.swift in Sources */,
				ACE9366B2B225B59003021E2 /* RMCharacterListView.swift in Sources */,
				AC8CFBF52B1D23E700FAE50C /* RMSingleLocation.swift in Sources */,
				AC8CFBF72B1D252100FAE50C /* RMCharacterStatus.swift in Sources */,
				AC4313D72B8B39CE0000C07E /* RMSearchResultsView.swift in Sources */,
				AC8CFBF92B1D256000FAE50C /* RMCharacterGender.swift in Sources */,
				AC381E0C2B834025007CF859 /* RMLocationDetailViewViewModel.swift in Sources */,
				AC8CFBE72B1BCE1E00FAE50C /* RMLocationViewController.swift in Sources */,
				AC3AC61B2B5C19F000AFB1C4 /* RMFooterLoadingCollectionReusableView.swift in Sources */,
				AC381DE32B7BC06A007CF859 /* RMEpisodeListView.swift in Sources */,
				AC8CFBE22B1BCD4E00FAE50C /* RMEpisode.swift in Sources */,
				AC4313D92B8CE5AB0000C07E /* RMTableLoadingFooterView.swift in Sources */,
				AC8CFBC72B1BC83E00FAE50C /* RMTabBarViewController.swift in Sources */,
				AC381E012B814E51007CF859 /* RMGetLocationsResponse.swift in Sources */,
				AC2AFA102B7403FE0009C76F /* RMCharacterInfoCollectionViewCell.swift in Sources */,
				AC381E032B8150BA007CF859 /* RMLocationTableViewCell.swift in Sources */,
				AC381DF22B7FACD2007CF859 /* RMSettingsViewViewModel.swift in Sources */,
				ACE9366F2B22D558003021E2 /* RMCharacterCollectionViewCell.swift in Sources */,
				AC8CFBE92B1BCE2F00FAE50C /* RMEpisodeViewController.swift in Sources */,
				AC2AFA172B7404760009C76F /* RMCharacterInfoCollectionViewCellViewModel.swift in Sources */,
				AC381DF62B7FAD77007CF859 /* RMSettingsOption.swift in Sources */,
				ACBA06C42B84F7F000DF1A2E /* RMSearchInputViewViewModel.swift in Sources */,
				AC8CFBC32B1BC83E00FAE50C /* AppDelegate.swift in Sources */,
				ACBA06BE2B84F75600DF1A2E /* RMNoSearchResultsView.swift in Sources */,
				AC8CFBC52B1BC83E00FAE50C /* SceneDelegate.swift in Sources */,
				AC4313D22B879D4A0000C07E /* RMSearchOptionPickerViewController.swift in Sources */,
				AC381E072B81C439007CF859 /* RMLocationDetailViewController.swift in Sources */,
				AC8CFBEB2B1BCE3700FAE50C /* RMSettingsViewController.swift in Sources */,
				ACE9366D2B226299003021E2 /* Extensions.swift in Sources */,
				AC2AFA0E2B7403E40009C76F /* RMCharacterPhotoCollectionViewCell.swift in Sources */,
				AC2AFA192B7404820009C76F /* RMCharacterEpisodeCollectionViewCellViewModel.swift in Sources */,
				AC381DF42B7FAD05007CF859 /* RMSettingsCellViewModel.swift in Sources */,
				AC381DF92B7FB0CE007CF859 /* RMSettingsView.swift in Sources */,
				AC8CFBED2B1BD7F500FAE50C /* RMService.swift in Sources */,
				AC8CFBDE2B1BCD1000FAE50C /* RMLocation.swift in Sources */,
				AC2AFA152B74046A0009C76F /* RMCharacterPhotoCollectionViewCellViewModel.swift in Sources */,
				ACBA06C22B84F7E100DF1A2E /* RMSearchInputView.swift in Sources */,
				AC8CFBF12B1D1C8800FAE50C /* RMEndpoint.swift in Sources */,
				AC8CFBE02B1BCD3900FAE50C /* RMCharacter.swift in Sources */,
				ACE936712B22D742003021E2 /* RMCharacterCollectionViewCellViewModel.swift in Sources */,
				AC50EB9E2B7B8B570098E29E /* RMEpisodeDetailViewController.swift in Sources */,
				AC4313D52B8A7ED80000C07E /* RMSearchResultsViewModel.swift in Sources */,
				AC50EBA42B7BA4B80098E29E /* RMEpisodeDetailView.swift in Sources */,
				AC381E0A2B823642007CF859 /* RMLocationDetailView.swift in Sources */,
				AC381E052B815165007CF859 /* RMLocationTableViewCellViewModel.swift in Sources */,
				AC8CFBEF2B1BD81100FAE50C /* RMRequest.swift in Sources */,
				AC6A4EF92B652EA50046F23B /* RMImageManager.swift in Sources */,
				ACE936692B225A85003021E2 /* RMCharacterListViewViewModel.swift in Sources */,
				ACE936742B264B2F003021E2 /* RMCharacterDetailViewController.swift in Sources */,
				AC50EBA22B7BA4420098E29E /* RMEpisodeDetailViewModel.swift in Sources */,
				AC2AFA122B7404120009C76F /* RMCharacterEpisodeCollectionViewCell.swift in Sources */,
				ACBA06C02B84F76C00DF1A2E /* RMNoSearchResultsViewViewModel.swift in Sources */,
				AC381DFC2B813B23007CF859 /* RMLocationView.swift in Sources */,
				AC381DE52B7BC397007CF859 /* RMEpisodeListViewViewModel.swift in Sources */,
				AC8CFBE52B1BCE0000FAE50C /* RMCharacterViewController.swift in Sources */,
				AC381DE72B7BC6E4007CF859 /* RMGetAllEpisodesResponse.swift in Sources */,
				AC381DEF2B7E2C4E007CF859 /* RMEpisodeInfoCollectionViewCellViewModel.swift in Sources */,
				AC381DEC2B7E2C1D007CF859 /* RMEpisodeInfoCollectionViewCell.swift in Sources */,
				AC50EBA02B7B9DDE0098E29E /* RMAPICacheManager.swift in Sources */,
				ACE936762B264BEA003021E2 /* RMCharacterDetailView.swift in Sources */,
				AC381DFF2B814593007CF859 /* RMLocationViewViewModel.swift in Sources */,
			);
			runOnlyForDeploymentPostprocessing = 0;
		};
/* End PBXSourcesBuildPhase section */

/* Begin PBXVariantGroup section */
		AC8CFBCD2B1BC83F00FAE50C /* LaunchScreen.storyboard */ = {
			isa = PBXVariantGroup;
			children = (
				AC8CFBCE2B1BC83F00FAE50C /* Base */,
			);
			name = LaunchScreen.storyboard;
			sourceTree = "<group>";
		};
/* End PBXVariantGroup section */

/* Begin XCBuildConfiguration section */
		AC8CFBD12B1BC83F00FAE50C /* Debug */ = {
			isa = XCBuildConfiguration;
			buildSettings = {
				ALWAYS_SEARCH_USER_PATHS = NO;
				ASSETCATALOG_COMPILER_GENERATE_SWIFT_ASSET_SYMBOL_EXTENSIONS = YES;
				CLANG_ANALYZER_NONNULL = YES;
				CLANG_ANALYZER_NUMBER_OBJECT_CONVERSION = YES_AGGRESSIVE;
				CLANG_CXX_LANGUAGE_STANDARD = "gnu++20";
				CLANG_ENABLE_MODULES = YES;
				CLANG_ENABLE_OBJC_ARC = YES;
				CLANG_ENABLE_OBJC_WEAK = YES;
				CLANG_WARN_BLOCK_CAPTURE_AUTORELEASING = YES;
				CLANG_WARN_BOOL_CONVERSION = YES;
				CLANG_WARN_COMMA = YES;
				CLANG_WARN_CONSTANT_CONVERSION = YES;
				CLANG_WARN_DEPRECATED_OBJC_IMPLEMENTATIONS = YES;
				CLANG_WARN_DIRECT_OBJC_ISA_USAGE = YES_ERROR;
				CLANG_WARN_DOCUMENTATION_COMMENTS = YES;
				CLANG_WARN_EMPTY_BODY = YES;
				CLANG_WARN_ENUM_CONVERSION = YES;
				CLANG_WARN_INFINITE_RECURSION = YES;
				CLANG_WARN_INT_CONVERSION = YES;
				CLANG_WARN_NON_LITERAL_NULL_CONVERSION = YES;
				CLANG_WARN_OBJC_IMPLICIT_RETAIN_SELF = YES;
				CLANG_WARN_OBJC_LITERAL_CONVERSION = YES;
				CLANG_WARN_OBJC_ROOT_CLASS = YES_ERROR;
				CLANG_WARN_QUOTED_INCLUDE_IN_FRAMEWORK_HEADER = YES;
				CLANG_WARN_RANGE_LOOP_ANALYSIS = YES;
				CLANG_WARN_STRICT_PROTOTYPES = YES;
				CLANG_WARN_SUSPICIOUS_MOVE = YES;
				CLANG_WARN_UNGUARDED_AVAILABILITY = YES_AGGRESSIVE;
				CLANG_WARN_UNREACHABLE_CODE = YES;
				CLANG_WARN__DUPLICATE_METHOD_MATCH = YES;
				COPY_PHASE_STRIP = NO;
				DEBUG_INFORMATION_FORMAT = dwarf;
				ENABLE_STRICT_OBJC_MSGSEND = YES;
				ENABLE_TESTABILITY = YES;
				ENABLE_USER_SCRIPT_SANDBOXING = YES;
				GCC_C_LANGUAGE_STANDARD = gnu17;
				GCC_DYNAMIC_NO_PIC = NO;
				GCC_NO_COMMON_BLOCKS = YES;
				GCC_OPTIMIZATION_LEVEL = 0;
				GCC_PREPROCESSOR_DEFINITIONS = (
					"DEBUG=1",
					"$(inherited)",
				);
				GCC_WARN_64_TO_32_BIT_CONVERSION = YES;
				GCC_WARN_ABOUT_RETURN_TYPE = YES_ERROR;
				GCC_WARN_UNDECLARED_SELECTOR = YES;
				GCC_WARN_UNINITIALIZED_AUTOS = YES_AGGRESSIVE;
				GCC_WARN_UNUSED_FUNCTION = YES;
				GCC_WARN_UNUSED_VARIABLE = YES;
				IPHONEOS_DEPLOYMENT_TARGET = 17.0;
				LOCALIZATION_PREFERS_STRING_CATALOGS = YES;
				MTL_ENABLE_DEBUG_INFO = INCLUDE_SOURCE;
				MTL_FAST_MATH = YES;
				ONLY_ACTIVE_ARCH = YES;
				SDKROOT = iphoneos;
				SWIFT_ACTIVE_COMPILATION_CONDITIONS = "DEBUG $(inherited)";
				SWIFT_OPTIMIZATION_LEVEL = "-Onone";
			};
			name = Debug;
		};
		AC8CFBD22B1BC83F00FAE50C /* Release */ = {
			isa = XCBuildConfiguration;
			buildSettings = {
				ALWAYS_SEARCH_USER_PATHS = NO;
				ASSETCATALOG_COMPILER_GENERATE_SWIFT_ASSET_SYMBOL_EXTENSIONS = YES;
				CLANG_ANALYZER_NONNULL = YES;
				CLANG_ANALYZER_NUMBER_OBJECT_CONVERSION = YES_AGGRESSIVE;
				CLANG_CXX_LANGUAGE_STANDARD = "gnu++20";
				CLANG_ENABLE_MODULES = YES;
				CLANG_ENABLE_OBJC_ARC = YES;
				CLANG_ENABLE_OBJC_WEAK = YES;
				CLANG_WARN_BLOCK_CAPTURE_AUTORELEASING = YES;
				CLANG_WARN_BOOL_CONVERSION = YES;
				CLANG_WARN_COMMA = YES;
				CLANG_WARN_CONSTANT_CONVERSION = YES;
				CLANG_WARN_DEPRECATED_OBJC_IMPLEMENTATIONS = YES;
				CLANG_WARN_DIRECT_OBJC_ISA_USAGE = YES_ERROR;
				CLANG_WARN_DOCUMENTATION_COMMENTS = YES;
				CLANG_WARN_EMPTY_BODY = YES;
				CLANG_WARN_ENUM_CONVERSION = YES;
				CLANG_WARN_INFINITE_RECURSION = YES;
				CLANG_WARN_INT_CONVERSION = YES;
				CLANG_WARN_NON_LITERAL_NULL_CONVERSION = YES;
				CLANG_WARN_OBJC_IMPLICIT_RETAIN_SELF = YES;
				CLANG_WARN_OBJC_LITERAL_CONVERSION = YES;
				CLANG_WARN_OBJC_ROOT_CLASS = YES_ERROR;
				CLANG_WARN_QUOTED_INCLUDE_IN_FRAMEWORK_HEADER = YES;
				CLANG_WARN_RANGE_LOOP_ANALYSIS = YES;
				CLANG_WARN_STRICT_PROTOTYPES = YES;
				CLANG_WARN_SUSPICIOUS_MOVE = YES;
				CLANG_WARN_UNGUARDED_AVAILABILITY = YES_AGGRESSIVE;
				CLANG_WARN_UNREACHABLE_CODE = YES;
				CLANG_WARN__DUPLICATE_METHOD_MATCH = YES;
				COPY_PHASE_STRIP = NO;
				DEBUG_INFORMATION_FORMAT = "dwarf-with-dsym";
				ENABLE_NS_ASSERTIONS = NO;
				ENABLE_STRICT_OBJC_MSGSEND = YES;
				ENABLE_USER_SCRIPT_SANDBOXING = YES;
				GCC_C_LANGUAGE_STANDARD = gnu17;
				GCC_NO_COMMON_BLOCKS = YES;
				GCC_WARN_64_TO_32_BIT_CONVERSION = YES;
				GCC_WARN_ABOUT_RETURN_TYPE = YES_ERROR;
				GCC_WARN_UNDECLARED_SELECTOR = YES;
				GCC_WARN_UNINITIALIZED_AUTOS = YES_AGGRESSIVE;
				GCC_WARN_UNUSED_FUNCTION = YES;
				GCC_WARN_UNUSED_VARIABLE = YES;
				IPHONEOS_DEPLOYMENT_TARGET = 17.0;
				LOCALIZATION_PREFERS_STRING_CATALOGS = YES;
				MTL_ENABLE_DEBUG_INFO = NO;
				MTL_FAST_MATH = YES;
				SDKROOT = iphoneos;
				SWIFT_COMPILATION_MODE = wholemodule;
				VALIDATE_PRODUCT = YES;
			};
			name = Release;
		};
		AC8CFBD42B1BC83F00FAE50C /* Debug */ = {
			isa = XCBuildConfiguration;
			buildSettings = {
				ASSETCATALOG_COMPILER_APPICON_NAME = AppIcon;
				ASSETCATALOG_COMPILER_GLOBAL_ACCENT_COLOR_NAME = AccentColor;
				CODE_SIGN_STYLE = Automatic;
				CURRENT_PROJECT_VERSION = 1;
				DEVELOPMENT_TEAM = A5WFHPQKLR;
				GENERATE_INFOPLIST_FILE = YES;
				INFOPLIST_FILE = RickAndMorty/Info.plist;
				INFOPLIST_KEY_CFBundleDisplayName = "Rick & Morty";
				INFOPLIST_KEY_LSApplicationCategoryType = "public.app-category.education";
				INFOPLIST_KEY_UIApplicationSupportsIndirectInputEvents = YES;
				INFOPLIST_KEY_UILaunchStoryboardName = LaunchScreen;
				INFOPLIST_KEY_UISupportedInterfaceOrientations_iPad = "UIInterfaceOrientationPortrait UIInterfaceOrientationPortraitUpsideDown UIInterfaceOrientationLandscapeLeft UIInterfaceOrientationLandscapeRight";
				INFOPLIST_KEY_UISupportedInterfaceOrientations_iPhone = "UIInterfaceOrientationPortrait UIInterfaceOrientationLandscapeLeft UIInterfaceOrientationLandscapeRight";
				LD_RUNPATH_SEARCH_PATHS = (
					"$(inherited)",
					"@executable_path/Frameworks",
				);
				MARKETING_VERSION = 1.0;
				PRODUCT_BUNDLE_IDENTIFIER = janos.szekely.RickAndMorty;
				PRODUCT_NAME = "$(TARGET_NAME)";
				SWIFT_EMIT_LOC_STRINGS = YES;
				SWIFT_VERSION = 5.0;
				TARGETED_DEVICE_FAMILY = "1,2";
			};
			name = Debug;
		};
		AC8CFBD52B1BC83F00FAE50C /* Release */ = {
			isa = XCBuildConfiguration;
			buildSettings = {
				ASSETCATALOG_COMPILER_APPICON_NAME = AppIcon;
				ASSETCATALOG_COMPILER_GLOBAL_ACCENT_COLOR_NAME = AccentColor;
				CODE_SIGN_STYLE = Automatic;
				CURRENT_PROJECT_VERSION = 1;
				DEVELOPMENT_TEAM = A5WFHPQKLR;
				GENERATE_INFOPLIST_FILE = YES;
				INFOPLIST_FILE = RickAndMorty/Info.plist;
				INFOPLIST_KEY_CFBundleDisplayName = "Rick & Morty";
				INFOPLIST_KEY_LSApplicationCategoryType = "public.app-category.education";
				INFOPLIST_KEY_UIApplicationSupportsIndirectInputEvents = YES;
				INFOPLIST_KEY_UILaunchStoryboardName = LaunchScreen;
				INFOPLIST_KEY_UISupportedInterfaceOrientations_iPad = "UIInterfaceOrientationPortrait UIInterfaceOrientationPortraitUpsideDown UIInterfaceOrientationLandscapeLeft UIInterfaceOrientationLandscapeRight";
				INFOPLIST_KEY_UISupportedInterfaceOrientations_iPhone = "UIInterfaceOrientationPortrait UIInterfaceOrientationLandscapeLeft UIInterfaceOrientationLandscapeRight";
				LD_RUNPATH_SEARCH_PATHS = (
					"$(inherited)",
					"@executable_path/Frameworks",
				);
				MARKETING_VERSION = 1.0;
				PRODUCT_BUNDLE_IDENTIFIER = janos.szekely.RickAndMorty;
				PRODUCT_NAME = "$(TARGET_NAME)";
				SWIFT_EMIT_LOC_STRINGS = YES;
				SWIFT_VERSION = 5.0;
				TARGETED_DEVICE_FAMILY = "1,2";
			};
			name = Release;
		};
/* End XCBuildConfiguration section */

/* Begin XCConfigurationList section */
		AC8CFBBA2B1BC83E00FAE50C /* Build configuration list for PBXProject "RickAndMorty" */ = {
			isa = XCConfigurationList;
			buildConfigurations = (
				AC8CFBD12B1BC83F00FAE50C /* Debug */,
				AC8CFBD22B1BC83F00FAE50C /* Release */,
			);
			defaultConfigurationIsVisible = 0;
			defaultConfigurationName = Release;
		};
		AC8CFBD32B1BC83F00FAE50C /* Build configuration list for PBXNativeTarget "RickAndMorty" */ = {
			isa = XCConfigurationList;
			buildConfigurations = (
				AC8CFBD42B1BC83F00FAE50C /* Debug */,
				AC8CFBD52B1BC83F00FAE50C /* Release */,
			);
			defaultConfigurationIsVisible = 0;
			defaultConfigurationName = Release;
		};
/* End XCConfigurationList section */
	};
	rootObject = AC8CFBB72B1BC83E00FAE50C /* Project object */;
}
